// !$*UTF8*$!
{
	archiveVersion = 1;
	classes = {
	};
	objectVersion = 46;
	objects = {

/* Begin PBXBuildFile section */
		234B3FCD1A80F2840063BF32 /* MainCollectionViewController.swift in Sources */ = {isa = PBXBuildFile; fileRef = 234B3FCC1A80F2840063BF32 /* MainCollectionViewController.swift */; };
		234B3FCF1A810BBE0063BF32 /* MultiSelectionCell.swift in Sources */ = {isa = PBXBuildFile; fileRef = 234B3FCE1A810BBE0063BF32 /* MultiSelectionCell.swift */; };
		234B3FD11A811E5A0063BF32 /* ModelItem.swift in Sources */ = {isa = PBXBuildFile; fileRef = 234B3FD01A811E5A0063BF32 /* ModelItem.swift */; };
		236B833D1A7DF857003B8130 /* AppDelegate.swift in Sources */ = {isa = PBXBuildFile; fileRef = 236B833C1A7DF857003B8130 /* AppDelegate.swift */; };
		236B83421A7DF857003B8130 /* Main.storyboard in Resources */ = {isa = PBXBuildFile; fileRef = 236B83401A7DF857003B8130 /* Main.storyboard */; };
		236B83441A7DF857003B8130 /* Images.xcassets in Resources */ = {isa = PBXBuildFile; fileRef = 236B83431A7DF857003B8130 /* Images.xcassets */; };
		236B83471A7DF857003B8130 /* LaunchScreen.xib in Resources */ = {isa = PBXBuildFile; fileRef = 236B83451A7DF857003B8130 /* LaunchScreen.xib */; };
		236B83531A7DF857003B8130 /* MultiSelectionCollectionViewSampleTests.swift in Sources */ = {isa = PBXBuildFile; fileRef = 236B83521A7DF857003B8130 /* MultiSelectionCollectionViewSampleTests.swift */; };
/* End PBXBuildFile section */

/* Begin PBXContainerItemProxy section */
		236B834D1A7DF857003B8130 /* PBXContainerItemProxy */ = {
			isa = PBXContainerItemProxy;
			containerPortal = 236B832F1A7DF856003B8130 /* Project object */;
			proxyType = 1;
			remoteGlobalIDString = 236B83361A7DF856003B8130;
			remoteInfo = MultiSelectionCollectionViewSample;
		};
/* End PBXContainerItemProxy section */

/* Begin PBXFileReference section */
		234B3FCC1A80F2840063BF32 /* MainCollectionViewController.swift */ = {isa = PBXFileReference; fileEncoding = 4; lastKnownFileType = sourcecode.swift; path = MainCollectionViewController.swift; sourceTree = "<group>"; };
		234B3FCE1A810BBE0063BF32 /* MultiSelectionCell.swift */ = {isa = PBXFileReference; fileEncoding = 4; lastKnownFileType = sourcecode.swift; path = MultiSelectionCell.swift; sourceTree = "<group>"; };
		234B3FD01A811E5A0063BF32 /* ModelItem.swift */ = {isa = PBXFileReference; fileEncoding = 4; lastKnownFileType = sourcecode.swift; path = ModelItem.swift; sourceTree = "<group>"; };
		236B83371A7DF857003B8130 /* MultiSelectionCollectionViewSample.app */ = {isa = PBXFileReference; explicitFileType = wrapper.application; includeInIndex = 0; path = MultiSelectionCollectionViewSample.app; sourceTree = BUILT_PRODUCTS_DIR; };
		236B833B1A7DF857003B8130 /* Info.plist */ = {isa = PBXFileReference; lastKnownFileType = text.plist.xml; path = Info.plist; sourceTree = "<group>"; };
		236B833C1A7DF857003B8130 /* AppDelegate.swift */ = {isa = PBXFileReference; lastKnownFileType = sourcecode.swift; path = AppDelegate.swift; sourceTree = "<group>"; };
		236B83411A7DF857003B8130 /* Base */ = {isa = PBXFileReference; lastKnownFileType = file.storyboard; name = Base; path = Base.lproj/Main.storyboard; sourceTree = "<group>"; };
		236B83431A7DF857003B8130 /* Images.xcassets */ = {isa = PBXFileReference; lastKnownFileType = folder.assetcatalog; path = Images.xcassets; sourceTree = "<group>"; };
		236B83461A7DF857003B8130 /* Base */ = {isa = PBXFileReference; lastKnownFileType = file.xib; name = Base; path = Base.lproj/LaunchScreen.xib; sourceTree = "<group>"; };
		236B834C1A7DF857003B8130 /* MultiSelectionCollectionViewSampleTests.xctest */ = {isa = PBXFileReference; explicitFileType = wrapper.cfbundle; includeInIndex = 0; path = MultiSelectionCollectionViewSampleTests.xctest; sourceTree = BUILT_PRODUCTS_DIR; };
		236B83511A7DF857003B8130 /* Info.plist */ = {isa = PBXFileReference; lastKnownFileType = text.plist.xml; path = Info.plist; sourceTree = "<group>"; };
		236B83521A7DF857003B8130 /* MultiSelectionCollectionViewSampleTests.swift */ = {isa = PBXFileReference; lastKnownFileType = sourcecode.swift; path = MultiSelectionCollectionViewSampleTests.swift; sourceTree = "<group>"; };
/* End PBXFileReference section */

/* Begin PBXFrameworksBuildPhase section */
		236B83341A7DF856003B8130 /* Frameworks */ = {
			isa = PBXFrameworksBuildPhase;
			buildActionMask = 2147483647;
			files = (
			);
			runOnlyForDeploymentPostprocessing = 0;
		};
		236B83491A7DF857003B8130 /* Frameworks */ = {
			isa = PBXFrameworksBuildPhase;
			buildActionMask = 2147483647;
			files = (
			);
			runOnlyForDeploymentPostprocessing = 0;
		};
/* End PBXFrameworksBuildPhase section */

/* Begin PBXGroup section */
		236B832E1A7DF856003B8130 = {
			isa = PBXGroup;
			children = (
				236B83391A7DF857003B8130 /* MultiSelectionCollectionViewSample */,
				236B834F1A7DF857003B8130 /* MultiSelectionCollectionViewSampleTests */,
				236B83381A7DF857003B8130 /* Products */,
			);
			sourceTree = "<group>";
		};
		236B83381A7DF857003B8130 /* Products */ = {
			isa = PBXGroup;
			children = (
				236B83371A7DF857003B8130 /* MultiSelectionCollectionViewSample.app */,
				236B834C1A7DF857003B8130 /* MultiSelectionCollectionViewSampleTests.xctest */,
			);
			name = Products;
			sourceTree = "<group>";
		};
		236B83391A7DF857003B8130 /* MultiSelectionCollectionViewSample */ = {
			isa = PBXGroup;
			children = (
				236B833C1A7DF857003B8130 /* AppDelegate.swift */,
				236B83401A7DF857003B8130 /* Main.storyboard */,
				236B83431A7DF857003B8130 /* Images.xcassets */,
				236B83451A7DF857003B8130 /* LaunchScreen.xib */,
				236B833A1A7DF857003B8130 /* Supporting Files */,
				234B3FCC1A80F2840063BF32 /* MainCollectionViewController.swift */,
				234B3FCE1A810BBE0063BF32 /* MultiSelectionCell.swift */,
				234B3FD01A811E5A0063BF32 /* ModelItem.swift */,
			);
			path = MultiSelectionCollectionViewSample;
			sourceTree = "<group>";
		};
		236B833A1A7DF857003B8130 /* Supporting Files */ = {
			isa = PBXGroup;
			children = (
				236B833B1A7DF857003B8130 /* Info.plist */,
			);
			name = "Supporting Files";
			sourceTree = "<group>";
		};
		236B834F1A7DF857003B8130 /* MultiSelectionCollectionViewSampleTests */ = {
			isa = PBXGroup;
			children = (
				236B83521A7DF857003B8130 /* MultiSelectionCollectionViewSampleTests.swift */,
				236B83501A7DF857003B8130 /* Supporting Files */,
			);
			path = MultiSelectionCollectionViewSampleTests;
			sourceTree = "<group>";
		};
		236B83501A7DF857003B8130 /* Supporting Files */ = {
			isa = PBXGroup;
			children = (
				236B83511A7DF857003B8130 /* Info.plist */,
			);
			name = "Supporting Files";
			sourceTree = "<group>";
		};
/* End PBXGroup section */

/* Begin PBXNativeTarget section */
		236B83361A7DF856003B8130 /* MultiSelectionCollectionViewSample */ = {
			isa = PBXNativeTarget;
			buildConfigurationList = 236B83561A7DF857003B8130 /* Build configuration list for PBXNativeTarget "MultiSelectionCollectionViewSample" */;
			buildPhases = (
				236B83331A7DF856003B8130 /* Sources */,
				236B83341A7DF856003B8130 /* Frameworks */,
				236B83351A7DF856003B8130 /* Resources */,
			);
			buildRules = (
			);
			dependencies = (
			);
			name = MultiSelectionCollectionViewSample;
			productName = MultiSelectionCollectionViewSample;
			productReference = 236B83371A7DF857003B8130 /* MultiSelectionCollectionViewSample.app */;
			productType = "com.apple.product-type.application";
		};
		236B834B1A7DF857003B8130 /* MultiSelectionCollectionViewSampleTests */ = {
			isa = PBXNativeTarget;
			buildConfigurationList = 236B83591A7DF857003B8130 /* Build configuration list for PBXNativeTarget "MultiSelectionCollectionViewSampleTests" */;
			buildPhases = (
				236B83481A7DF857003B8130 /* Sources */,
				236B83491A7DF857003B8130 /* Frameworks */,
				236B834A1A7DF857003B8130 /* Resources */,
			);
			buildRules = (
			);
			dependencies = (
				236B834E1A7DF857003B8130 /* PBXTargetDependency */,
			);
			name = MultiSelectionCollectionViewSampleTests;
			productName = MultiSelectionCollectionViewSampleTests;
			productReference = 236B834C1A7DF857003B8130 /* MultiSelectionCollectionViewSampleTests.xctest */;
			productType = "com.apple.product-type.bundle.unit-test";
		};
/* End PBXNativeTarget section */

/* Begin PBXProject section */
		236B832F1A7DF856003B8130 /* Project object */ = {
			isa = PBXProject;
			attributes = {
				LastUpgradeCheck = 0610;
				ORGANIZATIONNAME = satorun;
				TargetAttributes = {
					236B83361A7DF856003B8130 = {
						CreatedOnToolsVersion = 6.1.1;
					};
					236B834B1A7DF857003B8130 = {
						CreatedOnToolsVersion = 6.1.1;
						TestTargetID = 236B83361A7DF856003B8130;
					};
				};
			};
			buildConfigurationList = 236B83321A7DF856003B8130 /* Build configuration list for PBXProject "MultiSelectionCollectionViewSample" */;
			compatibilityVersion = "Xcode 3.2";
			developmentRegion = English;
			hasScannedForEncodings = 0;
			knownRegions = (
				en,
				Base,
			);
			mainGroup = 236B832E1A7DF856003B8130;
			productRefGroup = 236B83381A7DF857003B8130 /* Products */;
			projectDirPath = "";
			projectRoot = "";
			targets = (
				236B83361A7DF856003B8130 /* MultiSelectionCollectionViewSample */,
				236B834B1A7DF857003B8130 /* MultiSelectionCollectionViewSampleTests */,
			);
		};
/* End PBXProject section */

/* Begin PBXResourcesBuildPhase section */
		236B83351A7DF856003B8130 /* Resources */ = {
			isa = PBXResourcesBuildPhase;
			buildActionMask = 2147483647;
			files = (
				236B83421A7DF857003B8130 /* Main.storyboard in Resources */,
				236B83471A7DF857003B8130 /* LaunchScreen.xib in Resources */,
				236B83441A7DF857003B8130 /* Images.xcassets in Resources */,
			);
			runOnlyForDeploymentPostprocessing = 0;
		};
		236B834A1A7DF857003B8130 /* Resources */ = {
			isa = PBXResourcesBuildPhase;
			buildActionMask = 2147483647;
			files = (
			);
			runOnlyForDeploymentPostprocessing = 0;
		};
/* End PBXResourcesBuildPhase section */

/* Begin PBXSourcesBuildPhase section */
		236B83331A7DF856003B8130 /* Sources */ = {
			isa = PBXSourcesBuildPhase;
			buildActionMask = 2147483647;
			files = (
				236B833D1A7DF857003B8130 /* AppDelegate.swift in Sources */,
				234B3FCD1A80F2840063BF32 /* MainCollectionViewController.swift in Sources */,
				234B3FD11A811E5A0063BF32 /* ModelItem.swift in Sources */,
				234B3FCF1A810BBE0063BF32 /* MultiSelectionCell.swift in Sources */,
			);
			runOnlyForDeploymentPostprocessing = 0;
		};
		236B83481A7DF857003B8130 /* Sources */ = {
			isa = PBXSourcesBuildPhase;
			buildActionMask = 2147483647;
			files = (
				236B83531A7DF857003B8130 /* MultiSelectionCollectionViewSampleTests.swift in Sources */,
			);
			runOnlyForDeploymentPostprocessing = 0;
		};
/* End PBXSourcesBuildPhase section */

/* Begin PBXTargetDependency section */
		236B834E1A7DF857003B8130 /* PBXTargetDependency */ = {
			isa = PBXTargetDependency;
			target = 236B83361A7DF856003B8130 /* MultiSelectionCollectionViewSample */;
			targetProxy = 236B834D1A7DF857003B8130 /* PBXContainerItemProxy */;
		};
/* End PBXTargetDependency section */

/* Begin PBXVariantGroup section */
		236B83401A7DF857003B8130 /* Main.storyboard */ = {
			isa = PBXVariantGroup;
			children = (
				236B83411A7DF857003B8130 /* Base */,
			);
			name = Main.storyboard;
			sourceTree = "<group>";
		};
		236B83451A7DF857003B8130 /* LaunchScreen.xib */ = {
			isa = PBXVariantGroup;
			children = (
				236B83461A7DF857003B8130 /* Base */,
			);
			name = LaunchScreen.xib;
			sourceTree = "<group>";
		};
/* End PBXVariantGroup section */

/* Begin XCBuildConfiguration section */
		236B83541A7DF857003B8130 /* Debug */ = {
			isa = XCBuildConfiguration;
			buildSettings = {
				ALWAYS_SEARCH_USER_PATHS = NO;
				CLANG_CXX_LANGUAGE_STANDARD = "gnu++0x";
				CLANG_CXX_LIBRARY = "libc++";
				CLANG_ENABLE_MODULES = YES;
				CLANG_ENABLE_OBJC_ARC = YES;
				CLANG_WARN_BOOL_CONVERSION = YES;
				CLANG_WARN_CONSTANT_CONVERSION = YES;
				CLANG_WARN_DIRECT_OBJC_ISA_USAGE = YES_ERROR;
				CLANG_WARN_EMPTY_BODY = YES;
				CLANG_WARN_ENUM_CONVERSION = YES;
				CLANG_WARN_INT_CONVERSION = YES;
				CLANG_WARN_OBJC_ROOT_CLASS = YES_ERROR;
				CLANG_WARN_UNREACHABLE_CODE = YES;
				CLANG_WARN__DUPLICATE_METHOD_MATCH = YES;
				"CODE_SIGN_IDENTITY[sdk=iphoneos*]" = "iPhone Developer";
				COPY_PHASE_STRIP = NO;
				ENABLE_STRICT_OBJC_MSGSEND = YES;
				GCC_C_LANGUAGE_STANDARD = gnu99;
				GCC_DYNAMIC_NO_PIC = NO;
				GCC_OPTIMIZATION_LEVEL = 0;
				GCC_PREPROCESSOR_DEFINITIONS = (
					"DEBUG=1",
					"$(inherited)",
				);
				GCC_SYMBOLS_PRIVATE_EXTERN = NO;
				GCC_WARN_64_TO_32_BIT_CONVERSION = YES;
				GCC_WARN_ABOUT_RETURN_TYPE = YES_ERROR;
				GCC_WARN_UNDECLARED_SELECTOR = YES;
				GCC_WARN_UNINITIALIZED_AUTOS = YES_AGGRESSIVE;
				GCC_WARN_UNUSED_FUNCTION = YES;
				GCC_WARN_UNUSED_VARIABLE = YES;
				IPHONEOS_DEPLOYMENT_TARGET = 8.1;
				MTL_ENABLE_DEBUG_INFO = YES;
				ONLY_ACTIVE_ARCH = YES;
				SDKROOT = iphoneos;
				SWIFT_OPTIMIZATION_LEVEL = "-Onone";
				TARGETED_DEVICE_FAMILY = "1,2";
			};
			name = Debug;
		};
		236B83551A7DF857003B8130 /* Release */ = {
			isa = XCBuildConfiguration;
			buildSettings = {
				ALWAYS_SEARCH_USER_PATHS = NO;
				CLANG_CXX_LANGUAGE_STANDARD = "gnu++0x";
				CLANG_CXX_LIBRARY = "libc++";
				CLANG_ENABLE_MODULES = YES;
				CLANG_ENABLE_OBJC_ARC = YES;
				CLANG_WARN_BOOL_CONVERSION = YES;
				CLANG_WARN_CONSTANT_CONVERSION = YES;
				CLANG_WARN_DIRECT_OBJC_ISA_USAGE = YES_ERROR;
				CLANG_WARN_EMPTY_BODY = YES;
				CLANG_WARN_ENUM_CONVERSION = YES;
				CLANG_WARN_INT_CONVERSION = YES;
				CLANG_WARN_OBJC_ROOT_CLASS = YES_ERROR;
				CLANG_WARN_UNREACHABLE_CODE = YES;
				CLANG_WARN__DUPLICATE_METHOD_MATCH = YES;
				"CODE_SIGN_IDENTITY[sdk=iphoneos*]" = "iPhone Developer";
				COPY_PHASE_STRIP = YES;
				ENABLE_NS_ASSERTIONS = NO;
				ENABLE_STRICT_OBJC_MSGSEND = YES;
				GCC_C_LANGUAGE_STANDARD = gnu99;
				GCC_WARN_64_TO_32_BIT_CONVERSION = YES;
				GCC_WARN_ABOUT_RETURN_TYPE = YES_ERROR;
				GCC_WARN_UNDECLARED_SELECTOR = YES;
				GCC_WARN_UNINITIALIZED_AUTOS = YES_AGGRESSIVE;
				GCC_WARN_UNUSED_FUNCTION = YES;
				GCC_WARN_UNUSED_VARIABLE = YES;
				IPHONEOS_DEPLOYMENT_TARGET = 8.1;
				MTL_ENABLE_DEBUG_INFO = NO;
				SDKROOT = iphoneos;
				TARGETED_DEVICE_FAMILY = "1,2";
				VALIDATE_PRODUCT = YES;
			};
			name = Release;
		};
		236B83571A7DF857003B8130 /* Debug */ = {
			isa = XCBuildConfiguration;
			buildSettings = {
				ASSETCATALOG_COMPILER_APPICON_NAME = AppIcon;
				INFOPLIST_FILE = MultiSelectionCollectionViewSample/Info.plist;
				LD_RUNPATH_SEARCH_PATHS = "$(inherited) @executable_path/Frameworks";
				PRODUCT_NAME = "$(TARGET_NAME)";
			};
			name = Debug;
		};
		236B83581A7DF857003B8130 /* Release */ = {
			isa = XCBuildConfiguration;
			buildSettings = {
				ASSETCATALOG_COMPILER_APPICON_NAME = AppIcon;
				INFOPLIST_FILE = MultiSelectionCollectionViewSample/Info.plist;
				LD_RUNPATH_SEARCH_PATHS = "$(inherited) @executable_path/Frameworks";
				PRODUCT_NAME = "$(TARGET_NAME)";
			};
			name = Release;
		};
		236B835A1A7DF857003B8130 /* Debug */ = {
			isa = XCBuildConfiguration;
			buildSettings = {
				BUNDLE_LOADER = "$(TEST_HOST)";
				FRAMEWORK_SEARCH_PATHS = (
					"$(SDKROOT)/Developer/Library/Frameworks",
					"$(inherited)",
				);
				GCC_PREPROCESSOR_DEFINITIONS = (
					"DEBUG=1",
					"$(inherited)",
				);
				INFOPLIST_FILE = MultiSelectionCollectionViewSampleTests/Info.plist;
				LD_RUNPATH_SEARCH_PATHS = "$(inherited) @executable_path/Frameworks @loader_path/Frameworks";
				PRODUCT_NAME = "$(TARGET_NAME)";
				TEST_HOST = "$(BUILT_PRODUCTS_DIR)/MultiSelectionCollectionViewSample.app/MultiSelectionCollectionViewSample";
			};
			name = Debug;
		};
		236B835B1A7DF857003B8130 /* Release */ = {
			isa = XCBuildConfiguration;
			buildSettings = {
				BUNDLE_LOADER = "$(TEST_HOST)";
				FRAMEWORK_SEARCH_PATHS = (
					"$(SDKROOT)/Developer/Library/Frameworks",
					"$(inherited)",
				);
				INFOPLIST_FILE = MultiSelectionCollectionViewSampleTests/Info.plist;
				LD_RUNPATH_SEARCH_PATHS = "$(inherited) @executable_path/Frameworks @loader_path/Frameworks";
				PRODUCT_NAME = "$(TARGET_NAME)";
				TEST_HOST = "$(BUILT_PRODUCTS_DIR)/MultiSelectionCollectionViewSample.app/MultiSelectionCollectionViewSample";
			};
			name = Release;
		};
/* End XCBuildConfiguration section */

/* Begin XCConfigurationList section */
		236B83321A7DF856003B8130 /* Build configuration list for PBXProject "MultiSelectionCollectionViewSample" */ = {
			isa = XCConfigurationList;
			buildConfigurations = (
				236B83541A7DF857003B8130 /* Debug */,
				236B83551A7DF857003B8130 /* Release */,
			);
			defaultConfigurationIsVisible = 0;
			defaultConfigurationName = Release;
		};
		236B83561A7DF857003B8130 /* Build configuration list for PBXNativeTarget "MultiSelectionCollectionViewSample" */ = {
			isa = XCConfigurationList;
			buildConfigurations = (
				236B83571A7DF857003B8130 /* Debug */,
				236B83581A7DF857003B8130 /* Release */,
			);
			defaultConfigurationIsVisible = 0;
			defaultConfigurationName = Release;
		};
		236B83591A7DF857003B8130 /* Build configuration list for PBXNativeTarget "MultiSelectionCollectionViewSampleTests" */ = {
			isa = XCConfigurationList;
			buildConfigurations = (
				236B835A1A7DF857003B8130 /* Debug */,
				236B835B1A7DF857003B8130 /* Release */,
			);
			defaultConfigurationIsVisible = 0;
			defaultConfigurationName = Release;
		};
/* End XCConfigurationList section */
	};
	rootObject = 236B832F1A7DF856003B8130 /* Project object */;
}
